
Microsoft Visual Studio Solution File, Format Version 12.00
# Visual Studio 2012
Project("{FAE04EC0-301F-11D3-BF4B-00C04F79EFBC}") = "GUI", "GUI\GUI.csproj", "{615234CA-0616-48BB-B483-D767E604ACBA}"
EndProject
Project("{FAE04EC0-301F-11D3-BF4B-00C04F79EFBC}") = "DATA", "DATA\DATA.csproj", "{C8295B18-B0D4-4FBD-92CB-52F9615DE5D8}"
EndProject
Project("{FAE04EC0-301F-11D3-BF4B-00C04F79EFBC}") = "BUSINESS", "BUSINESS\BUSINESS.csproj", "{F32A7CF3-24D3-4F10-A1AD-1CA0B4FCF145}"
EndProject
Global
	GlobalSection(SolutionConfigurationPlatforms) = preSolution
		Debug|Any CPU = Debug|Any CPU
		Release|Any CPU = Release|Any CPU
	EndGlobalSection
	GlobalSection(ProjectConfigurationPlatforms) = postSolution
		{615234CA-0616-48BB-B483-D767E604ACBA}.Debug|Any CPU.ActiveCfg = Debug|Any CPU
		{615234CA-0616-48BB-B483-D767E604ACBA}.Debug|Any CPU.Build.0 = Debug|Any CPU
		{615234CA-0616-48BB-B483-D767E604ACBA}.Release|Any CPU.ActiveCfg = Release|Any CPU
		{615234CA-0616-48BB-B483-D767E604ACBA}.Release|Any CPU.Build.0 = Release|Any CPU
		{C8295B18-B0D4-4FBD-92CB-52F9615DE5D8}.Debug|Any CPU.ActiveCfg = Debug|Any CPU
		{C8295B18-B0D4-4FBD-92CB-52F9615DE5D8}.Debug|Any CPU.Build.0 = Debug|Any CPU
		{C8295B18-B0D4-4FBD-92CB-52F9615DE5D8}.Release|Any CPU.ActiveCfg = Release|Any CPU
		{C8295B18-B0D4-4FBD-92CB-52F9615DE5D8}.Release|Any CPU.Build.0 = Release|Any CPU
		{F32A7CF3-24D3-4F10-A1AD-1CA0B4FCF145}.Debug|Any CPU.ActiveCfg = Debug|Any CPU
		{F32A7CF3-24D3-4F10-A1AD-1CA0B4FCF145}.Debug|Any CPU.Build.0 = Debug|Any CPU
		{F32A7CF3-24D3-4F10-A1AD-1CA0B4FCF145}.Release|Any CPU.ActiveCfg = Release|Any CPU
		{F32A7CF3-24D3-4F10-A1AD-1CA0B4FCF145}.Release|Any CPU.Build.0 = Release|Any CPU
	EndGlobalSection
	GlobalSection(SolutionProperties) = preSolution
		HideSolutionNode = FALSE
	EndGlobalSection
EndGlobal
